{
  "requires": true,
  "lockfileVersion": 1,
  "dependencies": {
    "rotating-file-stream": {
      "version": "2.1.3",
      "resolved": "https://registry.npmjs.org/rotating-file-stream/-/rotating-file-stream-2.1.3.tgz",
      "integrity": "sha512-zZ4Tkngxispo7DgiTqX0s4ChLtM3qET6iYsDA9tmgDEqJ3BFgRq/ZotsKEDAYQt9pAn9JwwqT27CSwQt3CTxNg=="
    }
  }
}
